// !$*UTF8*$!
{
	archiveVersion = 1;
	classes = {
	};
	objectVersion = 48;
	objects = {

/* Begin PBXBuildFile section */
		306B39CC2FB84D76D88CD359 /* Pods_Murmur.framework in Frameworks */ = {isa = PBXBuildFile; fileRef = 73EE361FA6493A72259CB1C9 /* Pods_Murmur.framework */; };
		4525F91F1FA0E58E00E431CB /* ProfileVC.swift in Sources */ = {isa = PBXBuildFile; fileRef = 4525F91D1FA0E58E00E431CB /* ProfileVC.swift */; };
		4525F9201FA0E58E00E431CB /* ProfileVC.xib in Resources */ = {isa = PBXBuildFile; fileRef = 4525F91E1FA0E58E00E431CB /* ProfileVC.xib */; };
		452990CF1FA07BF100C1B5FD /* AuthService.swift in Sources */ = {isa = PBXBuildFile; fileRef = 452990CE1FA07BF100C1B5FD /* AuthService.swift */; };
		452990D11FA0837A00C1B5FD /* RoundedButton.swift in Sources */ = {isa = PBXBuildFile; fileRef = 452990D01FA0837A00C1B5FD /* RoundedButton.swift */; };
		4571D9721FA0904700FCC988 /* UserDataService.swift in Sources */ = {isa = PBXBuildFile; fileRef = 4571D9711FA0904700FCC988 /* UserDataService.swift */; };
		4571D9741FA097E400FCC988 /* AvatarPickerVC.swift in Sources */ = {isa = PBXBuildFile; fileRef = 4571D9731FA097E400FCC988 /* AvatarPickerVC.swift */; };
		4571D9761FA0992100FCC988 /* AvatarCell.swift in Sources */ = {isa = PBXBuildFile; fileRef = 4571D9751FA0992100FCC988 /* AvatarCell.swift */; };
		458D95EE1FA0CFE0001140EA /* CircleImageView.swift in Sources */ = {isa = PBXBuildFile; fileRef = 458D95ED1FA0CFE0001140EA /* CircleImageView.swift */; };
		45E9A0BC1FA03B3B00E8B911 /* AppDelegate.swift in Sources */ = {isa = PBXBuildFile; fileRef = 45E9A0BB1FA03B3B00E8B911 /* AppDelegate.swift */; };
		45E9A0C11FA03B3B00E8B911 /* Main.storyboard in Resources */ = {isa = PBXBuildFile; fileRef = 45E9A0BF1FA03B3B00E8B911 /* Main.storyboard */; };
		45E9A0C31FA03B3B00E8B911 /* Assets.xcassets in Resources */ = {isa = PBXBuildFile; fileRef = 45E9A0C21FA03B3B00E8B911 /* Assets.xcassets */; };
		45E9A0C61FA03B3B00E8B911 /* LaunchScreen.storyboard in Resources */ = {isa = PBXBuildFile; fileRef = 45E9A0C41FA03B3B00E8B911 /* LaunchScreen.storyboard */; };
		45E9A0D41FA0463B00E8B911 /* SWRevealViewController.m in Sources */ = {isa = PBXBuildFile; fileRef = 45E9A0D31FA0463B00E8B911 /* SWRevealViewController.m */; };
		45E9A0D61FA048D000E8B911 /* ChatVC.swift in Sources */ = {isa = PBXBuildFile; fileRef = 45E9A0D51FA048D000E8B911 /* ChatVC.swift */; };
		45E9A0D81FA048E200E8B911 /* ChannelVC.swift in Sources */ = {isa = PBXBuildFile; fileRef = 45E9A0D71FA048E200E8B911 /* ChannelVC.swift */; };
		45E9A0DB1FA052E000E8B911 /* GradientView.swift in Sources */ = {isa = PBXBuildFile; fileRef = 45E9A0DA1FA052E000E8B911 /* GradientView.swift */; };
		45E9A0DE1FA0597C00E8B911 /* Constants.swift in Sources */ = {isa = PBXBuildFile; fileRef = 45E9A0DD1FA0597C00E8B911 /* Constants.swift */; };
		45E9A0E01FA05A7000E8B911 /* LoginVC.swift in Sources */ = {isa = PBXBuildFile; fileRef = 45E9A0DF1FA05A7000E8B911 /* LoginVC.swift */; };
		45E9A0E21FA05C3D00E8B911 /* CreateAccountVC.swift in Sources */ = {isa = PBXBuildFile; fileRef = 45E9A0E11FA05C3D00E8B911 /* CreateAccountVC.swift */; };
/* End PBXBuildFile section */

/* Begin PBXFileReference section */
		31D8B4851128673EA7881847 /* Pods-Murmur.debug.xcconfig */ = {isa = PBXFileReference; includeInIndex = 1; lastKnownFileType = text.xcconfig; name = "Pods-Murmur.debug.xcconfig"; path = "Pods/Target Support Files/Pods-Murmur/Pods-Murmur.debug.xcconfig"; sourceTree = "<group>"; };
		4525F91D1FA0E58E00E431CB /* ProfileVC.swift */ = {isa = PBXFileReference; lastKnownFileType = sourcecode.swift; path = ProfileVC.swift; sourceTree = "<group>"; };
		4525F91E1FA0E58E00E431CB /* ProfileVC.xib */ = {isa = PBXFileReference; lastKnownFileType = file.xib; path = ProfileVC.xib; sourceTree = "<group>"; };
		452990CE1FA07BF100C1B5FD /* AuthService.swift */ = {isa = PBXFileReference; lastKnownFileType = sourcecode.swift; path = AuthService.swift; sourceTree = "<group>"; };
		452990D01FA0837A00C1B5FD /* RoundedButton.swift */ = {isa = PBXFileReference; lastKnownFileType = sourcecode.swift; path = RoundedButton.swift; sourceTree = "<group>"; };
		4571D9711FA0904700FCC988 /* UserDataService.swift */ = {isa = PBXFileReference; lastKnownFileType = sourcecode.swift; path = UserDataService.swift; sourceTree = "<group>"; };
		4571D9731FA097E400FCC988 /* AvatarPickerVC.swift */ = {isa = PBXFileReference; lastKnownFileType = sourcecode.swift; path = AvatarPickerVC.swift; sourceTree = "<group>"; };
		4571D9751FA0992100FCC988 /* AvatarCell.swift */ = {isa = PBXFileReference; lastKnownFileType = sourcecode.swift; path = AvatarCell.swift; sourceTree = "<group>"; };
		458D95ED1FA0CFE0001140EA /* CircleImageView.swift */ = {isa = PBXFileReference; lastKnownFileType = sourcecode.swift; path = CircleImageView.swift; sourceTree = "<group>"; };
		45E9A0B81FA03B3B00E8B911 /* Murmur.app */ = {isa = PBXFileReference; explicitFileType = wrapper.application; includeInIndex = 0; path = Murmur.app; sourceTree = BUILT_PRODUCTS_DIR; };
		45E9A0BB1FA03B3B00E8B911 /* AppDelegate.swift */ = {isa = PBXFileReference; lastKnownFileType = sourcecode.swift; path = AppDelegate.swift; sourceTree = "<group>"; };
		45E9A0C01FA03B3B00E8B911 /* Base */ = {isa = PBXFileReference; lastKnownFileType = file.storyboard; name = Base; path = Base.lproj/Main.storyboard; sourceTree = "<group>"; };
		45E9A0C21FA03B3B00E8B911 /* Assets.xcassets */ = {isa = PBXFileReference; lastKnownFileType = folder.assetcatalog; path = Assets.xcassets; sourceTree = "<group>"; };
		45E9A0C51FA03B3B00E8B911 /* Base */ = {isa = PBXFileReference; lastKnownFileType = file.storyboard; name = Base; path = Base.lproj/LaunchScreen.storyboard; sourceTree = "<group>"; };
		45E9A0C71FA03B3B00E8B911 /* Info.plist */ = {isa = PBXFileReference; lastKnownFileType = text.plist.xml; path = Info.plist; sourceTree = "<group>"; };
		45E9A0D11FA0463A00E8B911 /* Murmur-Bridging-Header.h */ = {isa = PBXFileReference; lastKnownFileType = sourcecode.c.h; path = "Murmur-Bridging-Header.h"; sourceTree = "<group>"; };
		45E9A0D21FA0463B00E8B911 /* SWRevealViewController.h */ = {isa = PBXFileReference; fileEncoding = 4; lastKnownFileType = sourcecode.c.h; path = SWRevealViewController.h; sourceTree = "<group>"; };
		45E9A0D31FA0463B00E8B911 /* SWRevealViewController.m */ = {isa = PBXFileReference; fileEncoding = 4; lastKnownFileType = sourcecode.c.objc; path = SWRevealViewController.m; sourceTree = "<group>"; };
		45E9A0D51FA048D000E8B911 /* ChatVC.swift */ = {isa = PBXFileReference; lastKnownFileType = sourcecode.swift; path = ChatVC.swift; sourceTree = "<group>"; };
		45E9A0D71FA048E200E8B911 /* ChannelVC.swift */ = {isa = PBXFileReference; lastKnownFileType = sourcecode.swift; path = ChannelVC.swift; sourceTree = "<group>"; };
		45E9A0DA1FA052E000E8B911 /* GradientView.swift */ = {isa = PBXFileReference; lastKnownFileType = sourcecode.swift; path = GradientView.swift; sourceTree = "<group>"; };
		45E9A0DD1FA0597C00E8B911 /* Constants.swift */ = {isa = PBXFileReference; lastKnownFileType = sourcecode.swift; path = Constants.swift; sourceTree = "<group>"; };
		45E9A0DF1FA05A7000E8B911 /* LoginVC.swift */ = {isa = PBXFileReference; lastKnownFileType = sourcecode.swift; path = LoginVC.swift; sourceTree = "<group>"; };
		45E9A0E11FA05C3D00E8B911 /* CreateAccountVC.swift */ = {isa = PBXFileReference; lastKnownFileType = sourcecode.swift; path = CreateAccountVC.swift; sourceTree = "<group>"; };
		73EE361FA6493A72259CB1C9 /* Pods_Murmur.framework */ = {isa = PBXFileReference; explicitFileType = wrapper.framework; includeInIndex = 0; path = Pods_Murmur.framework; sourceTree = BUILT_PRODUCTS_DIR; };
		B638BBC6BC8BF162F7F421B2 /* Pods-Murmur.release.xcconfig */ = {isa = PBXFileReference; includeInIndex = 1; lastKnownFileType = text.xcconfig; name = "Pods-Murmur.release.xcconfig"; path = "Pods/Target Support Files/Pods-Murmur/Pods-Murmur.release.xcconfig"; sourceTree = "<group>"; };
/* End PBXFileReference section */

/* Begin PBXFrameworksBuildPhase section */
		45E9A0B51FA03B3B00E8B911 /* Frameworks */ = {
			isa = PBXFrameworksBuildPhase;
			buildActionMask = 2147483647;
			files = (
				306B39CC2FB84D76D88CD359 /* Pods_Murmur.framework in Frameworks */,
			);
			runOnlyForDeploymentPostprocessing = 0;
		};
/* End PBXFrameworksBuildPhase section */

/* Begin PBXGroup section */
		452990CD1FA07BDD00C1B5FD /* Services */ = {
			isa = PBXGroup;
			children = (
				452990CE1FA07BF100C1B5FD /* AuthService.swift */,
				4571D9711FA0904700FCC988 /* UserDataService.swift */,
			);
			path = Services;
			sourceTree = "<group>";
		};
		45E9A0AF1FA03B3B00E8B911 = {
			isa = PBXGroup;
			children = (
				45E9A0BA1FA03B3B00E8B911 /* Murmur */,
				45E9A0B91FA03B3B00E8B911 /* Products */,
				62FBA6C0EA7C5F0BFD4B08BF /* Pods */,
				A67747056E94B8F4F8879E49 /* Frameworks */,
			);
			sourceTree = "<group>";
		};
		45E9A0B91FA03B3B00E8B911 /* Products */ = {
			isa = PBXGroup;
			children = (
				45E9A0B81FA03B3B00E8B911 /* Murmur.app */,
			);
			name = Products;
			sourceTree = "<group>";
		};
		45E9A0BA1FA03B3B00E8B911 /* Murmur */ = {
			isa = PBXGroup;
			children = (
				45E9A0DC1FA0596C00E8B911 /* Utilities */,
				452990CD1FA07BDD00C1B5FD /* Services */,
				45E9A0D01FA0461D00E8B911 /* SWRevealKit */,
				45E9A0CD1FA03B5100E8B911 /* Resources */,
				45E9A0D91FA052C200E8B911 /* CustomView */,
				45E9A0CE1FA03B6100E8B911 /* View */,
				45E9A0CF1FA03B6900E8B911 /* Controller */,
			);
			path = Murmur;
			sourceTree = "<group>";
		};
		45E9A0CD1FA03B5100E8B911 /* Resources */ = {
			isa = PBXGroup;
			children = (
				45E9A0C71FA03B3B00E8B911 /* Info.plist */,
				45E9A0C21FA03B3B00E8B911 /* Assets.xcassets */,
			);
			path = Resources;
			sourceTree = "<group>";
		};
		45E9A0CE1FA03B6100E8B911 /* View */ = {
			isa = PBXGroup;
			children = (
				45E9A0C41FA03B3B00E8B911 /* LaunchScreen.storyboard */,
				45E9A0BF1FA03B3B00E8B911 /* Main.storyboard */,
				4571D9751FA0992100FCC988 /* AvatarCell.swift */,
				4525F91E1FA0E58E00E431CB /* ProfileVC.xib */,
			);
			path = View;
			sourceTree = "<group>";
		};
		45E9A0CF1FA03B6900E8B911 /* Controller */ = {
			isa = PBXGroup;
			children = (
				45E9A0BB1FA03B3B00E8B911 /* AppDelegate.swift */,
				45E9A0D51FA048D000E8B911 /* ChatVC.swift */,
				45E9A0D71FA048E200E8B911 /* ChannelVC.swift */,
				45E9A0DF1FA05A7000E8B911 /* LoginVC.swift */,
				45E9A0E11FA05C3D00E8B911 /* CreateAccountVC.swift */,
				4571D9731FA097E400FCC988 /* AvatarPickerVC.swift */,
				4525F91D1FA0E58E00E431CB /* ProfileVC.swift */,
			);
			path = Controller;
			sourceTree = "<group>";
		};
		45E9A0D01FA0461D00E8B911 /* SWRevealKit */ = {
			isa = PBXGroup;
			children = (
				45E9A0D21FA0463B00E8B911 /* SWRevealViewController.h */,
				45E9A0D31FA0463B00E8B911 /* SWRevealViewController.m */,
				45E9A0D11FA0463A00E8B911 /* Murmur-Bridging-Header.h */,
			);
			path = SWRevealKit;
			sourceTree = "<group>";
		};
		45E9A0D91FA052C200E8B911 /* CustomView */ = {
			isa = PBXGroup;
			children = (
				45E9A0DA1FA052E000E8B911 /* GradientView.swift */,
				452990D01FA0837A00C1B5FD /* RoundedButton.swift */,
				458D95ED1FA0CFE0001140EA /* CircleImageView.swift */,
			);
			path = CustomView;
			sourceTree = "<group>";
		};
		45E9A0DC1FA0596C00E8B911 /* Utilities */ = {
			isa = PBXGroup;
			children = (
				45E9A0DD1FA0597C00E8B911 /* Constants.swift */,
			);
			path = Utilities;
			sourceTree = "<group>";
		};
		62FBA6C0EA7C5F0BFD4B08BF /* Pods */ = {
			isa = PBXGroup;
			children = (
				31D8B4851128673EA7881847 /* Pods-Murmur.debug.xcconfig */,
				B638BBC6BC8BF162F7F421B2 /* Pods-Murmur.release.xcconfig */,
			);
			name = Pods;
			sourceTree = "<group>";
		};
		A67747056E94B8F4F8879E49 /* Frameworks */ = {
			isa = PBXGroup;
			children = (
				73EE361FA6493A72259CB1C9 /* Pods_Murmur.framework */,
			);
			name = Frameworks;
			sourceTree = "<group>";
		};
/* End PBXGroup section */

/* Begin PBXNativeTarget section */
		45E9A0B71FA03B3B00E8B911 /* Murmur */ = {
			isa = PBXNativeTarget;
			buildConfigurationList = 45E9A0CA1FA03B3B00E8B911 /* Build configuration list for PBXNativeTarget "Murmur" */;
			buildPhases = (
				92936843FE3629645C9ED2AE /* [CP] Check Pods Manifest.lock */,
				45E9A0B41FA03B3B00E8B911 /* Sources */,
				45E9A0B51FA03B3B00E8B911 /* Frameworks */,
				45E9A0B61FA03B3B00E8B911 /* Resources */,
				3C942ABB56910F437717C607 /* [CP] Embed Pods Frameworks */,
				72309A640C99819B249AAA7E /* [CP] Copy Pods Resources */,
			);
			buildRules = (
			);
			dependencies = (
			);
			name = Murmur;
			productName = Murmur;
			productReference = 45E9A0B81FA03B3B00E8B911 /* Murmur.app */;
			productType = "com.apple.product-type.application";
		};
/* End PBXNativeTarget section */

/* Begin PBXProject section */
		45E9A0B01FA03B3B00E8B911 /* Project object */ = {
			isa = PBXProject;
			attributes = {
				LastSwiftUpdateCheck = 0900;
				LastUpgradeCheck = 0900;
				ORGANIZATIONNAME = "Chris Huang";
				TargetAttributes = {
					45E9A0B71FA03B3B00E8B911 = {
						CreatedOnToolsVersion = 9.0.1;
						LastSwiftMigration = 0900;
						ProvisioningStyle = Automatic;
					};
				};
			};
			buildConfigurationList = 45E9A0B31FA03B3B00E8B911 /* Build configuration list for PBXProject "Murmur" */;
			compatibilityVersion = "Xcode 8.0";
			developmentRegion = en;
			hasScannedForEncodings = 0;
			knownRegions = (
				en,
				Base,
			);
			mainGroup = 45E9A0AF1FA03B3B00E8B911;
			productRefGroup = 45E9A0B91FA03B3B00E8B911 /* Products */;
			projectDirPath = "";
			projectRoot = "";
			targets = (
				45E9A0B71FA03B3B00E8B911 /* Murmur */,
			);
		};
/* End PBXProject section */

/* Begin PBXResourcesBuildPhase section */
		45E9A0B61FA03B3B00E8B911 /* Resources */ = {
			isa = PBXResourcesBuildPhase;
			buildActionMask = 2147483647;
			files = (
				4525F9201FA0E58E00E431CB /* ProfileVC.xib in Resources */,
				45E9A0C61FA03B3B00E8B911 /* LaunchScreen.storyboard in Resources */,
				45E9A0C31FA03B3B00E8B911 /* Assets.xcassets in Resources */,
				45E9A0C11FA03B3B00E8B911 /* Main.storyboard in Resources */,
			);
			runOnlyForDeploymentPostprocessing = 0;
		};
/* End PBXResourcesBuildPhase section */

/* Begin PBXShellScriptBuildPhase section */
		3C942ABB56910F437717C607 /* [CP] Embed Pods Frameworks */ = {
			isa = PBXShellScriptBuildPhase;
			buildActionMask = 2147483647;
			files = (
			);
			inputPaths = (
			);
			name = "[CP] Embed Pods Frameworks";
			outputPaths = (
			);
			runOnlyForDeploymentPostprocessing = 0;
			shellPath = /bin/sh;
			shellScript = "\"${SRCROOT}/Pods/Target Support Files/Pods-Murmur/Pods-Murmur-frameworks.sh\"\n";
			showEnvVarsInLog = 0;
		};
		72309A640C99819B249AAA7E /* [CP] Copy Pods Resources */ = {
			isa = PBXShellScriptBuildPhase;
			buildActionMask = 2147483647;
			files = (
			);
			inputPaths = (
			);
			name = "[CP] Copy Pods Resources";
			outputPaths = (
			);
			runOnlyForDeploymentPostprocessing = 0;
			shellPath = /bin/sh;
			shellScript = "\"${SRCROOT}/Pods/Target Support Files/Pods-Murmur/Pods-Murmur-resources.sh\"\n";
			showEnvVarsInLog = 0;
		};
		92936843FE3629645C9ED2AE /* [CP] Check Pods Manifest.lock */ = {
			isa = PBXShellScriptBuildPhase;
			buildActionMask = 2147483647;
			files = (
			);
			inputPaths = (
			);
			name = "[CP] Check Pods Manifest.lock";
			outputPaths = (
			);
			runOnlyForDeploymentPostprocessing = 0;
			shellPath = /bin/sh;
			shellScript = "diff \"${PODS_ROOT}/../Podfile.lock\" \"${PODS_ROOT}/Manifest.lock\" > /dev/null\nif [ $? != 0 ] ; then\n    # print error to STDERR\n    echo \"error: The sandbox is not in sync with the Podfile.lock. Run 'pod install' or update your CocoaPods installation.\" >&2\n    exit 1\nfi\n";
			showEnvVarsInLog = 0;
		};
/* End PBXShellScriptBuildPhase section */

/* Begin PBXSourcesBuildPhase section */
		45E9A0B41FA03B3B00E8B911 /* Sources */ = {
			isa = PBXSourcesBuildPhase;
			buildActionMask = 2147483647;
			files = (
				4525F91F1FA0E58E00E431CB /* ProfileVC.swift in Sources */,
				45E9A0D81FA048E200E8B911 /* ChannelVC.swift in Sources */,
				4571D9741FA097E400FCC988 /* AvatarPickerVC.swift in Sources */,
				458D95EE1FA0CFE0001140EA /* CircleImageView.swift in Sources */,
				452990D11FA0837A00C1B5FD /* RoundedButton.swift in Sources */,
				45E9A0DE1FA0597C00E8B911 /* Constants.swift in Sources */,
				4571D9721FA0904700FCC988 /* UserDataService.swift in Sources */,
				45E9A0E21FA05C3D00E8B911 /* CreateAccountVC.swift in Sources */,
				452990CF1FA07BF100C1B5FD /* AuthService.swift in Sources */,
				45E9A0E01FA05A7000E8B911 /* LoginVC.swift in Sources */,
				45E9A0D61FA048D000E8B911 /* ChatVC.swift in Sources */,
				4571D9761FA0992100FCC988 /* AvatarCell.swift in Sources */,
				45E9A0DB1FA052E000E8B911 /* GradientView.swift in Sources */,
				45E9A0BC1FA03B3B00E8B911 /* AppDelegate.swift in Sources */,
				45E9A0D41FA0463B00E8B911 /* SWRevealViewController.m in Sources */,
			);
			runOnlyForDeploymentPostprocessing = 0;
		};
/* End PBXSourcesBuildPhase section */

/* Begin PBXVariantGroup section */
		45E9A0BF1FA03B3B00E8B911 /* Main.storyboard */ = {
			isa = PBXVariantGroup;
			children = (
				45E9A0C01FA03B3B00E8B911 /* Base */,
			);
			name = Main.storyboard;
			sourceTree = "<group>";
		};
		45E9A0C41FA03B3B00E8B911 /* LaunchScreen.storyboard */ = {
			isa = PBXVariantGroup;
			children = (
				45E9A0C51FA03B3B00E8B911 /* Base */,
			);
			name = LaunchScreen.storyboard;
			sourceTree = "<group>";
		};
/* End PBXVariantGroup section */

/* Begin XCBuildConfiguration section */
		45E9A0C81FA03B3B00E8B911 /* Debug */ = {
			isa = XCBuildConfiguration;
			buildSettings = {
				ALWAYS_SEARCH_USER_PATHS = NO;
				CLANG_ANALYZER_NONNULL = YES;
				CLANG_ANALYZER_NUMBER_OBJECT_CONVERSION = YES_AGGRESSIVE;
				CLANG_CXX_LANGUAGE_STANDARD = "gnu++14";
				CLANG_CXX_LIBRARY = "libc++";
				CLANG_ENABLE_MODULES = YES;
				CLANG_ENABLE_OBJC_ARC = YES;
				CLANG_WARN_BLOCK_CAPTURE_AUTORELEASING = YES;
				CLANG_WARN_BOOL_CONVERSION = YES;
				CLANG_WARN_COMMA = YES;
				CLANG_WARN_CONSTANT_CONVERSION = YES;
				CLANG_WARN_DIRECT_OBJC_ISA_USAGE = YES_ERROR;
				CLANG_WARN_DOCUMENTATION_COMMENTS = YES;
				CLANG_WARN_EMPTY_BODY = YES;
				CLANG_WARN_ENUM_CONVERSION = YES;
				CLANG_WARN_INFINITE_RECURSION = YES;
				CLANG_WARN_INT_CONVERSION = YES;
				CLANG_WARN_NON_LITERAL_NULL_CONVERSION = YES;
				CLANG_WARN_OBJC_LITERAL_CONVERSION = YES;
				CLANG_WARN_OBJC_ROOT_CLASS = YES_ERROR;
				CLANG_WARN_RANGE_LOOP_ANALYSIS = YES;
				CLANG_WARN_STRICT_PROTOTYPES = YES;
				CLANG_WARN_SUSPICIOUS_MOVE = YES;
				CLANG_WARN_UNGUARDED_AVAILABILITY = YES_AGGRESSIVE;
				CLANG_WARN_UNREACHABLE_CODE = YES;
				CLANG_WARN__DUPLICATE_METHOD_MATCH = YES;
				CODE_SIGN_IDENTITY = "iPhone Developer";
				COPY_PHASE_STRIP = NO;
				DEBUG_INFORMATION_FORMAT = dwarf;
				ENABLE_STRICT_OBJC_MSGSEND = YES;
				ENABLE_TESTABILITY = YES;
				GCC_C_LANGUAGE_STANDARD = gnu11;
				GCC_DYNAMIC_NO_PIC = NO;
				GCC_NO_COMMON_BLOCKS = YES;
				GCC_OPTIMIZATION_LEVEL = 0;
				GCC_PREPROCESSOR_DEFINITIONS = (
					"DEBUG=1",
					"$(inherited)",
				);
				GCC_WARN_64_TO_32_BIT_CONVERSION = YES;
				GCC_WARN_ABOUT_RETURN_TYPE = YES_ERROR;
				GCC_WARN_UNDECLARED_SELECTOR = YES;
				GCC_WARN_UNINITIALIZED_AUTOS = YES_AGGRESSIVE;
				GCC_WARN_UNUSED_FUNCTION = YES;
				GCC_WARN_UNUSED_VARIABLE = YES;
				IPHONEOS_DEPLOYMENT_TARGET = 11.0;
				MTL_ENABLE_DEBUG_INFO = YES;
				ONLY_ACTIVE_ARCH = YES;
				SDKROOT = iphoneos;
				SWIFT_ACTIVE_COMPILATION_CONDITIONS = DEBUG;
				SWIFT_OPTIMIZATION_LEVEL = "-Onone";
			};
			name = Debug;
		};
		45E9A0C91FA03B3B00E8B911 /* Release */ = {
			isa = XCBuildConfiguration;
			buildSettings = {
				ALWAYS_SEARCH_USER_PATHS = NO;
				CLANG_ANALYZER_NONNULL = YES;
				CLANG_ANALYZER_NUMBER_OBJECT_CONVERSION = YES_AGGRESSIVE;
				CLANG_CXX_LANGUAGE_STANDARD = "gnu++14";
				CLANG_CXX_LIBRARY = "libc++";
				CLANG_ENABLE_MODULES = YES;
				CLANG_ENABLE_OBJC_ARC = YES;
				CLANG_WARN_BLOCK_CAPTURE_AUTORELEASING = YES;
				CLANG_WARN_BOOL_CONVERSION = YES;
				CLANG_WARN_COMMA = YES;
				CLANG_WARN_CONSTANT_CONVERSION = YES;
				CLANG_WARN_DIRECT_OBJC_ISA_USAGE = YES_ERROR;
				CLANG_WARN_DOCUMENTATION_COMMENTS = YES;
				CLANG_WARN_EMPTY_BODY = YES;
				CLANG_WARN_ENUM_CONVERSION = YES;
				CLANG_WARN_INFINITE_RECURSION = YES;
				CLANG_WARN_INT_CONVERSION = YES;
				CLANG_WARN_NON_LITERAL_NULL_CONVERSION = YES;
				CLANG_WARN_OBJC_LITERAL_CONVERSION = YES;
				CLANG_WARN_OBJC_ROOT_CLASS = YES_ERROR;
				CLANG_WARN_RANGE_LOOP_ANALYSIS = YES;
				CLANG_WARN_STRICT_PROTOTYPES = YES;
				CLANG_WARN_SUSPICIOUS_MOVE = YES;
				CLANG_WARN_UNGUARDED_AVAILABILITY = YES_AGGRESSIVE;
				CLANG_WARN_UNREACHABLE_CODE = YES;
				CLANG_WARN__DUPLICATE_METHOD_MATCH = YES;
				CODE_SIGN_IDENTITY = "iPhone Developer";
				COPY_PHASE_STRIP = NO;
				DEBUG_INFORMATION_FORMAT = "dwarf-with-dsym";
				ENABLE_NS_ASSERTIONS = NO;
				ENABLE_STRICT_OBJC_MSGSEND = YES;
				GCC_C_LANGUAGE_STANDARD = gnu11;
				GCC_NO_COMMON_BLOCKS = YES;
				GCC_WARN_64_TO_32_BIT_CONVERSION = YES;
				GCC_WARN_ABOUT_RETURN_TYPE = YES_ERROR;
				GCC_WARN_UNDECLARED_SELECTOR = YES;
				GCC_WARN_UNINITIALIZED_AUTOS = YES_AGGRESSIVE;
				GCC_WARN_UNUSED_FUNCTION = YES;
				GCC_WARN_UNUSED_VARIABLE = YES;
				IPHONEOS_DEPLOYMENT_TARGET = 11.0;
				MTL_ENABLE_DEBUG_INFO = NO;
				SDKROOT = iphoneos;
				SWIFT_OPTIMIZATION_LEVEL = "-Owholemodule";
				VALIDATE_PRODUCT = YES;
			};
			name = Release;
		};
		45E9A0CB1FA03B3B00E8B911 /* Debug */ = {
			isa = XCBuildConfiguration;
			baseConfigurationReference = 31D8B4851128673EA7881847 /* Pods-Murmur.debug.xcconfig */;
			buildSettings = {
				ASSETCATALOG_COMPILER_APPICON_NAME = AppIcon;
				CLANG_ENABLE_MODULES = YES;
				CODE_SIGN_STYLE = Automatic;
				DEVELOPMENT_TEAM = 9H46LQG73T;
				INFOPLIST_FILE = "$(SRCROOT)/Murmur/Resources/Info.plist";
				LD_RUNPATH_SEARCH_PATHS = "$(inherited) @executable_path/Frameworks";
				PRODUCT_BUNDLE_IDENTIFIER = com.DevXris.Murmur;
				PRODUCT_NAME = "$(TARGET_NAME)";
				SWIFT_OBJC_BRIDGING_HEADER = "Murmur/SWRevealKit/Murmur-Bridging-Header.h";
				SWIFT_OPTIMIZATION_LEVEL = "-Onone";
				SWIFT_VERSION = 4.0;
				TARGETED_DEVICE_FAMILY = "1,2";
			};
			name = Debug;
		};
		45E9A0CC1FA03B3B00E8B911 /* Release */ = {
			isa = XCBuildConfiguration;
			baseConfigurationReference = B638BBC6BC8BF162F7F421B2 /* Pods-Murmur.release.xcconfig */;
			buildSettings = {
				ASSETCATALOG_COMPILER_APPICON_NAME = AppIcon;
				CLANG_ENABLE_MODULES = YES;
				CODE_SIGN_STYLE = Automatic;
				DEVELOPMENT_TEAM = 9H46LQG73T;
				INFOPLIST_FILE = "$(SRCROOT)/Murmur/Resources/Info.plist";
				LD_RUNPATH_SEARCH_PATHS = "$(inherited) @executable_path/Frameworks";
				PRODUCT_BUNDLE_IDENTIFIER = com.DevXris.Murmur;
				PRODUCT_NAME = "$(TARGET_NAME)";
				SWIFT_OBJC_BRIDGING_HEADER = "Murmur/SWRevealKit/Murmur-Bridging-Header.h";
				SWIFT_VERSION = 4.0;
				TARGETED_DEVICE_FAMILY = "1,2";
			};
			name = Release;
		};
/* End XCBuildConfiguration section */

/* Begin XCConfigurationList section */
		45E9A0B31FA03B3B00E8B911 /* Build configuration list for PBXProject "Murmur" */ = {
			isa = XCConfigurationList;
			buildConfigurations = (
				45E9A0C81FA03B3B00E8B911 /* Debug */,
				45E9A0C91FA03B3B00E8B911 /* Release */,
			);
			defaultConfigurationIsVisible = 0;
			defaultConfigurationName = Release;
		};
		45E9A0CA1FA03B3B00E8B911 /* Build configuration list for PBXNativeTarget "Murmur" */ = {
			isa = XCConfigurationList;
			buildConfigurations = (
				45E9A0CB1FA03B3B00E8B911 /* Debug */,
				45E9A0CC1FA03B3B00E8B911 /* Release */,
			);
			defaultConfigurationIsVisible = 0;
			defaultConfigurationName = Release;
		};
/* End XCConfigurationList section */
	};
	rootObject = 45E9A0B01FA03B3B00E8B911 /* Project object */;
}
